
Microsoft Visual Studio Solution File, Format Version 12.00
# Visual Studio 15
VisualStudioVersion = 15.0.27428.2015
MinimumVisualStudioVersion = 10.0.40219.1
Project("{FAE04EC0-301F-11D3-BF4B-00C04F79EFBC}") = "Counter.WinForms", "WindowsFormsApp1\Counter.WinForms.csproj", "{8E3481FB-34F0-48A8-86DF-68B12367589A}"
EndProject
Project("{FAE04EC0-301F-11D3-BF4B-00C04F79EFBC}") = "Counter.BusinessLogic", "Counter.BusinessLogic\Counter.BusinessLogic.csproj", "{7A74D765-1FDC-41F5-9682-6B761EA307D2}"
EndProject
Project("{FAE04EC0-301F-11D3-BF4B-00C04F79EFBC}") = "Counter.ConsoleApp", "ConsoleApp1\Counter.ConsoleApp.csproj", "{3D1D8C1A-0AFB-40A8-BC73-A4BE8A823D97}"
EndProject
Global
	GlobalSection(SolutionConfigurationPlatforms) = preSolution
		Debug|Any CPU = Debug|Any CPU
		Release|Any CPU = Release|Any CPU
	EndGlobalSection
	GlobalSection(ProjectConfigurationPlatforms) = postSolution
		{8E3481FB-34F0-48A8-86DF-68B12367589A}.Debug|Any CPU.ActiveCfg = Debug|Any CPU
		{8E3481FB-34F0-48A8-86DF-68B12367589A}.Debug|Any CPU.Build.0 = Debug|Any CPU
		{8E3481FB-34F0-48A8-86DF-68B12367589A}.Release|Any CPU.ActiveCfg = Release|Any CPU
		{8E3481FB-34F0-48A8-86DF-68B12367589A}.Release|Any CPU.Build.0 = Release|Any CPU
		{7A74D765-1FDC-41F5-9682-6B761EA307D2}.Debug|Any CPU.ActiveCfg = Debug|Any CPU
		{7A74D765-1FDC-41F5-9682-6B761EA307D2}.Debug|Any CPU.Build.0 = Debug|Any CPU
		{7A74D765-1FDC-41F5-9682-6B761EA307D2}.Release|Any CPU.ActiveCfg = Release|Any CPU
		{7A74D765-1FDC-41F5-9682-6B761EA307D2}.Release|Any CPU.Build.0 = Release|Any CPU
		{3D1D8C1A-0AFB-40A8-BC73-A4BE8A823D97}.Debug|Any CPU.ActiveCfg = Debug|Any CPU
		{3D1D8C1A-0AFB-40A8-BC73-A4BE8A823D97}.Debug|Any CPU.Build.0 = Debug|Any CPU
		{3D1D8C1A-0AFB-40A8-BC73-A4BE8A823D97}.Release|Any CPU.ActiveCfg = Release|Any CPU
		{3D1D8C1A-0AFB-40A8-BC73-A4BE8A823D97}.Release|Any CPU.Build.0 = Release|Any CPU
	EndGlobalSection
	GlobalSection(SolutionProperties) = preSolution
		HideSolutionNode = FALSE
	EndGlobalSection
	GlobalSection(ExtensibilityGlobals) = postSolution
		SolutionGuid = {BE009D58-2445-4AD3-BA5B-5AF5C87DC9DA}
	EndGlobalSection
EndGlobal
